
Microsoft Visual Studio Solution File, Format Version 12.00
# Visual Studio 2012
Project("{888888A0-9F3D-457C-B088-3A5042F75D52}") = "NoteTakingAppProject", "NoteTakingAppProject\NoteTakingAppProject.pyproj", "{559909E6-042D-48AE-AE64-F9EE5DBC6723}"
EndProject
Global
	GlobalSection(SolutionConfigurationPlatforms) = preSolution
		Debug|Any CPU = Debug|Any CPU
		Release|Any CPU = Release|Any CPU
	EndGlobalSection
	GlobalSection(ProjectConfigurationPlatforms) = postSolution
		{559909E6-042D-48AE-AE64-F9EE5DBC6723}.Debug|Any CPU.ActiveCfg = Debug|Any CPU
		{559909E6-042D-48AE-AE64-F9EE5DBC6723}.Debug|Any CPU.Build.0 = Debug|Any CPU
		{559909E6-042D-48AE-AE64-F9EE5DBC6723}.Release|Any CPU.ActiveCfg = Release|Any CPU
		{559909E6-042D-48AE-AE64-F9EE5DBC6723}.Release|Any CPU.Build.0 = Release|Any CPU
	EndGlobalSection
	GlobalSection(SolutionProperties) = preSolution
		HideSolutionNode = FALSE
	EndGlobalSection
EndGlobal
